<?xml version="1.0" encoding="utf-8"?>
<Project ToolsVersion="4.0" xmlns="http://schemas.microsoft.com/developer/msbuild/2003">
  <ItemGroup>
    <Filter Include="소스 파일">
      <UniqueIdentifier>{4FC737F1-C7A5-4376-A066-2A32D752A2FF}</UniqueIdentifier>
      <Extensions>cpp;c;cc;cxx;def;odl;idl;hpj;bat;asm;asmx</Extensions>
    </Filter>
    <Filter Include="헤더 파일">
      <UniqueIdentifier>{93995380-89BD-4b04-88EB-625FBE52EBFB}</UniqueIdentifier>
      <Extensions>h;hh;hpp;hxx;hm;inl;inc;xsd</Extensions>
    </Filter>
    <Filter Include="리소스 파일">
      <UniqueIdentifier>{67DA6AB6-F800-4c08-8B7A-83BB121AAD01}</UniqueIdentifier>
      <Extensions>rc;ico;cur;bmp;dlg;rc2;rct;bin;rgs;gif;jpg;jpeg;jpe;resx;tiff;tif;png;wav;mfcribbon-ms</Extensions>
    </Filter>
  </ItemGroup>
  <ItemGroup>
    <ClCompile Include="Prob2839.cpp">
      <Filter>소스 파일</Filter>
    </ClCompile>
    <ClCompile Include="Prob1546.cpp">
      <Filter>소스 파일</Filter>
    </ClCompile>
    <ClCompile Include="Prob4344.cpp">
      <Filter>소스 파일</Filter>
    </ClCompile>
    <ClCompile Include="Prob2417.cpp">
      <Filter>소스 파일</Filter>
    </ClCompile>
    <ClCompile Include="Prob1806.cpp">
      <Filter>소스 파일</Filter>
    </ClCompile>
    <ClCompile Include="Prob2920.cpp">
      <Filter>소스 파일</Filter>
    </ClCompile>
    <ClCompile Include="Prob1002.cpp">
      <Filter>소스 파일</Filter>
    </ClCompile>
    <ClCompile Include="Prob1110.cpp">
      <Filter>소스 파일</Filter>
    </ClCompile>
    <ClCompile Include="Prob1065.cpp">
      <Filter>소스 파일</Filter>
    </ClCompile>
    <ClCompile Include="Prob2448.cpp">
      <Filter>소스 파일</Filter>
    </ClCompile>
    <ClCompile Include="Prob1157.cpp">
      <Filter>소스 파일</Filter>
    </ClCompile>
    <ClCompile Include="Prob5218.cpp">
      <Filter>소스 파일</Filter>
    </ClCompile>
    <ClCompile Include="Prob11728.cpp">
      <Filter>소스 파일</Filter>
    </ClCompile>
    <ClCompile Include="Prob10102.cpp">
      <Filter>소스 파일</Filter>
    </ClCompile>
    <ClCompile Include="Prob5586.cpp">
      <Filter>소스 파일</Filter>
    </ClCompile>
    <ClCompile Include="Prob2161.cpp">
      <Filter>소스 파일</Filter>
    </ClCompile>
    <ClCompile Include="Prob9655.cpp">
      <Filter>소스 파일</Filter>
    </ClCompile>
    <ClCompile Include="Prob9996.cpp">
      <Filter>소스 파일</Filter>
    </ClCompile>
    <ClCompile Include="Prob12092.cpp">
      <Filter>소스 파일</Filter>
    </ClCompile>
    <ClCompile Include="Prob5354.cpp">
      <Filter>소스 파일</Filter>
    </ClCompile>
    <ClCompile Include="Prob2511.cpp">
      <Filter>소스 파일</Filter>
    </ClCompile>
    <ClCompile Include="Prob1547.cpp">
      <Filter>소스 파일</Filter>
    </ClCompile>
    <ClCompile Include="Prob2720.cpp">
      <Filter>소스 파일</Filter>
    </ClCompile>
    <ClCompile Include="Prob2980.cpp">
      <Filter>소스 파일</Filter>
    </ClCompile>
    <ClCompile Include="Prob5635.cpp">
      <Filter>소스 파일</Filter>
    </ClCompile>
    <ClCompile Include="Prob3028.cpp">
      <Filter>소스 파일</Filter>
    </ClCompile>
    <ClCompile Include="Prob3460.cpp">
      <Filter>소스 파일</Filter>
    </ClCompile>
    <ClCompile Include="Prob1735.cpp">
      <Filter>소스 파일</Filter>
    </ClCompile>
    <ClCompile Include="Prob2908.cpp">
      <Filter>소스 파일</Filter>
    </ClCompile>
    <ClCompile Include="Prob1316.cpp">
      <Filter>소스 파일</Filter>
    </ClCompile>
    <ClCompile Include="Prob5622.cpp">
      <Filter>소스 파일</Filter>
    </ClCompile>
    <ClCompile Include="Prob2941.cpp">
      <Filter>소스 파일</Filter>
    </ClCompile>
    <ClCompile Include="Prob1193.cpp">
      <Filter>소스 파일</Filter>
    </ClCompile>
    <ClCompile Include="Prob6064.cpp">
      <Filter>소스 파일</Filter>
    </ClCompile>
    <ClCompile Include="Prob2775.cpp">
      <Filter>소스 파일</Filter>
    </ClCompile>
    <ClCompile Include="Prob9426.cpp">
      <Filter>소스 파일</Filter>
    </ClCompile>
    <ClCompile Include="Prob1517.cpp">
      <Filter>소스 파일</Filter>
    </ClCompile>
    <ClCompile Include="Prob2902.cpp">
      <Filter>소스 파일</Filter>
    </ClCompile>
    <ClCompile Include="prob10942.cpp">
      <Filter>소스 파일</Filter>
    </ClCompile>
    <ClCompile Include="prob1011.cpp">
      <Filter>소스 파일</Filter>
    </ClCompile>
    <ClCompile Include="Prob1744.cpp">
      <Filter>소스 파일</Filter>
    </ClCompile>
    <ClCompile Include="prob1978.cpp">
      <Filter>소스 파일</Filter>
    </ClCompile>
    <ClCompile Include="prob2581.cpp">
      <Filter>소스 파일</Filter>
    </ClCompile>
    <ClCompile Include="prob4948.cpp">
      <Filter>소스 파일</Filter>
    </ClCompile>
    <ClCompile Include="prob3046.cpp">
      <Filter>소스 파일</Filter>
    </ClCompile>
    <ClCompile Include="prob1094.cpp">
      <Filter>소스 파일</Filter>
    </ClCompile>
    <ClCompile Include="prob1075.cpp">
      <Filter>소스 파일</Filter>
    </ClCompile>
    <ClCompile Include="prob1026.cpp">
      <Filter>소스 파일</Filter>
    </ClCompile>
    <ClCompile Include="prob10699.cpp">
      <Filter>소스 파일</Filter>
    </ClCompile>
    <ClCompile Include="prob10926.cpp">
      <Filter>소스 파일</Filter>
    </ClCompile>
    <ClCompile Include="prob2845.cpp">
      <Filter>소스 파일</Filter>
    </ClCompile>
    <ClCompile Include="prob6679.cpp">
      <Filter>소스 파일</Filter>
    </ClCompile>
    <ClCompile Include="prob2910.cpp">
      <Filter>소스 파일</Filter>
    </ClCompile>
    <ClCompile Include="prob1373.cpp">
      <Filter>소스 파일</Filter>
    </ClCompile>
    <ClCompile Include="prob5766.cpp">
      <Filter>소스 파일</Filter>
    </ClCompile>
    <ClCompile Include="prob15351.cpp">
      <Filter>소스 파일</Filter>
    </ClCompile>
    <ClCompile Include="prob4493.cpp">
      <Filter>소스 파일</Filter>
    </ClCompile>
    <ClCompile Include="prob1377.cpp">
      <Filter>소스 파일</Filter>
    </ClCompile>
    <ClCompile Include="prob14753.cpp">
      <Filter>소스 파일</Filter>
    </ClCompile>
    <ClCompile Include="prob5543.cpp">
      <Filter>소스 파일</Filter>
    </ClCompile>
    <ClCompile Include="prob14489.cpp">
      <Filter>소스 파일</Filter>
    </ClCompile>
    <ClCompile Include="prob2822.cpp">
      <Filter>소스 파일</Filter>
    </ClCompile>
    <ClCompile Include="prob4153.cpp">
      <Filter>소스 파일</Filter>
    </ClCompile>
    <ClCompile Include="prob10984.cpp">
      <Filter>소스 파일</Filter>
    </ClCompile>
    <ClCompile Include="prob1167.cpp">
      <Filter>소스 파일</Filter>
    </ClCompile>
    <ClCompile Include="prob3040.cpp">
      <Filter>소스 파일</Filter>
    </ClCompile>
    <ClCompile Include="prob6443.cpp">
      <Filter>소스 파일</Filter>
    </ClCompile>
    <ClCompile Include="prob2523.cpp">
      <Filter>소스 파일</Filter>
    </ClCompile>
    <ClCompile Include="prob10990.cpp">
      <Filter>소스 파일</Filter>
    </ClCompile>
    <ClCompile Include="prob2556.cpp">
      <Filter>소스 파일</Filter>
    </ClCompile>
    <ClCompile Include="prob10992.cpp">
      <Filter>소스 파일</Filter>
    </ClCompile>
    <ClCompile Include="prob1463.cpp">
      <Filter>소스 파일</Filter>
    </ClCompile>
    <ClCompile Include="prob14697.cpp">
      <Filter>소스 파일</Filter>
    </ClCompile>
  </ItemGroup>
</Project>